{
  "projects": [
    {
      "projectId": "58GpZjZCWTaJ8AUhpCwt2K",
      "version": "3.30.0",
      "dependencies": {},
      "lang": "ts",
      "fileLocks": [
        {
          "assetId": "58GpZjZCWTaJ8AUhpCwt2K",
          "type": "projectCss",
          "checksum": "f0469e206244772473ab64f50be898f9"
        }
      ],
      "codegenVersion": "0.0.1"
    },
    {
      "projectId": "7nJ7UcFmq9UzB6eXfC5z4a",
      "version": "0.33.0",
      "dependencies": {},
      "lang": "ts",
      "fileLocks": [
        {
          "assetId": "7nJ7UcFmq9UzB6eXfC5z4a",
          "type": "projectCss",
          "checksum": "01e8cee5b9ce00fbc93f494c2a40dbf1"
        }
      ],
      "codegenVersion": "0.0.1"
    },
    {
      "projectId": "hBJVLwuQZPtZ2qJfFMz9e",
      "version": "latest",
      "dependencies": {
        "7nJ7UcFmq9UzB6eXfC5z4a": "0.33.0",
        "58GpZjZCWTaJ8AUhpCwt2K": "3.30.0"
      },
      "lang": "ts",
      "fileLocks": [
        {
          "type": "globalVariant",
          "assetId": "Onhz_kRaX1NY",
          "checksum": "e4bbc874140d830db11cd0b36fb6d614"
        },
        {
          "assetId": "hBJVLwuQZPtZ2qJfFMz9e",
          "type": "projectCss",
          "checksum": "3c81b21ea5b86ce7e68bcaf5a4cb9cf2"
        },
        {
          "type": "renderModule",
          "assetId": "iRjxH-NdoFyt",
          "checksum": "c9e262f083b16f22446c2b5d58db9c24"
        },
        {
          "type": "cssRules",
          "assetId": "iRjxH-NdoFyt",
          "checksum": "c9e262f083b16f22446c2b5d58db9c24"
        },
        {
          "type": "renderModule",
          "assetId": "U1aSiIwirDYP",
          "checksum": "f4301220bfe1b4ab767a974f92aa9f02"
        },
        {
          "type": "cssRules",
          "assetId": "U1aSiIwirDYP",
          "checksum": "f4301220bfe1b4ab767a974f92aa9f02"
        },
        {
          "type": "renderModule",
          "assetId": "R3LcLd7z5BNp",
          "checksum": "6093734917f3b1089725c416e2e56e6a"
        },
        {
          "type": "cssRules",
          "assetId": "R3LcLd7z5BNp",
          "checksum": "6093734917f3b1089725c416e2e56e6a"
        },
        {
          "type": "renderModule",
          "assetId": "zBeNo34I3KWc",
          "checksum": "0652523376b464b39ac027da45c59a99"
        },
        {
          "type": "cssRules",
          "assetId": "zBeNo34I3KWc",
          "checksum": "0652523376b464b39ac027da45c59a99"
        },
        {
          "type": "renderModule",
          "assetId": "OFX9Pt80kiX3",
          "checksum": "37c247389c4d6e8fc28294524fc475c1"
        },
        {
          "type": "cssRules",
          "assetId": "OFX9Pt80kiX3",
          "checksum": "37c247389c4d6e8fc28294524fc475c1"
        },
        {
          "type": "renderModule",
          "assetId": "dLjgIKMvOPkb",
          "checksum": "c0a91b9ad7036a5037a525e41916517c"
        },
        {
          "type": "cssRules",
          "assetId": "dLjgIKMvOPkb",
          "checksum": "c0a91b9ad7036a5037a525e41916517c"
        },
        {
          "type": "renderModule",
          "assetId": "CFXt3W54VNFC",
          "checksum": "f102e6698d85272f3dd48f352c2c9941"
        },
        {
          "type": "cssRules",
          "assetId": "CFXt3W54VNFC",
          "checksum": "f102e6698d85272f3dd48f352c2c9941"
        },
        {
          "type": "renderModule",
          "assetId": "_gcuDCba6qpL",
          "checksum": "953f415c8a97a4b6a65ff37dc5fc8f89"
        },
        {
          "type": "cssRules",
          "assetId": "_gcuDCba6qpL",
          "checksum": "953f415c8a97a4b6a65ff37dc5fc8f89"
        },
        {
          "type": "renderModule",
          "assetId": "8Eh4XYFNdRxh",
          "checksum": "815902146e9173e5f4f1fe92048a0636"
        },
        {
          "type": "cssRules",
          "assetId": "8Eh4XYFNdRxh",
          "checksum": "815902146e9173e5f4f1fe92048a0636"
        },
        {
          "type": "renderModule",
          "assetId": "Px-DoqPG7gga",
          "checksum": "a676fd8c8ae2770dc3ac1b52ac06a1e0"
        },
        {
          "type": "cssRules",
          "assetId": "Px-DoqPG7gga",
          "checksum": "a676fd8c8ae2770dc3ac1b52ac06a1e0"
        },
        {
          "type": "icon",
          "assetId": "kDw5LnVws20l",
          "checksum": "cff454c0c69ce108b74211e3c54576dc"
        },
        {
          "type": "icon",
          "assetId": "Yu-kSja3bMm0",
          "checksum": "c88a660eac7055cb7527da08d92f8d58"
        },
        {
          "type": "icon",
          "assetId": "81dpdl6zb6rX",
          "checksum": "8562f981dfea3b3a3c7e7b56257d3d7f"
        },
        {
          "type": "icon",
          "assetId": "ytcCO-cImzqK",
          "checksum": "6ef472245657b33dce4bfca25625135b"
        },
        {
          "type": "icon",
          "assetId": "jO6LCrjuQnaF",
          "checksum": "9529258d33fb938b5a7bb1d161aca606"
        },
        {
          "type": "icon",
          "assetId": "KAitb0yXU9In",
          "checksum": "ea65fd73275111827c5c12daa2eeb341"
        },
        {
          "type": "icon",
          "assetId": "VxpLu9evNeD5",
          "checksum": "4154a99047667997621de8fb212f05cd"
        },
        {
          "type": "icon",
          "assetId": "8l-q1sdafiye",
          "checksum": "4d3e506f695b64ade3ad20a7b517977f"
        },
        {
          "type": "icon",
          "assetId": "YYgIJKtcKeJm",
          "checksum": "9e7f51fb36dd4b03cbf0485634781835"
        },
        {
          "type": "icon",
          "assetId": "saN98iP2Qqxf",
          "checksum": "6074af846f33ef4dc191ba5b52bb5975"
        },
        {
          "type": "image",
          "assetId": "IizCGXqvABFL",
          "checksum": "31722361ce64e9547428eba871dc9438"
        },
        {
          "type": "image",
          "assetId": "lBa4S_fRRz7z",
          "checksum": "1e7680a17ab77d01f98ad1ffeb06ee97"
        },
        {
          "type": "image",
          "assetId": "lmqndFmfeUal",
          "checksum": "fe365c9c8c5909e83e17ae17a859b520"
        },
        {
          "type": "image",
          "assetId": "IWffO_tyUFDW",
          "checksum": "a842e796ae7f845a3bafd766ddfb9b6e"
        },
        {
          "type": "image",
          "assetId": "vNpP3HHHh1IP",
          "checksum": "c076de0dfd982b887f8186c2fe514eb5"
        },
        {
          "type": "image",
          "assetId": "7Kn-UeJF-hWc",
          "checksum": "c1d0dde8bb77e111516d81c755826e7b"
        },
        {
          "type": "image",
          "assetId": "KuKrIXQx0zFf",
          "checksum": "e2f2847a7a9d676f7ef78e162c0c0992"
        },
        {
          "type": "image",
          "assetId": "Pb0yVZbL8dmS",
          "checksum": "3ff77479f54894c1561b6507d055595f"
        },
        {
          "type": "image",
          "assetId": "3XyiKRCYoIqm",
          "checksum": "d92ffe13b07cbf29f7e1b48670d02537"
        },
        {
          "type": "image",
          "assetId": "_s1rR25T3C1X",
          "checksum": "5479c91cbbdf38d1e5a7bd8c8b5734f3"
        },
        {
          "type": "image",
          "assetId": "_RXhJVoyXn6y",
          "checksum": "24491612ee6198533a098317957bb4c9"
        },
        {
          "type": "image",
          "assetId": "YkjVk2jd-Qkn",
          "checksum": "ea8ec37ebb3b4b147b794e28372a871e"
        },
        {
          "type": "image",
          "assetId": "fDevxHpRoLDA",
          "checksum": "b3ee610835ffa4bc7be7eeae7772effa"
        },
        {
          "type": "image",
          "assetId": "N4oWPcq8EtmS",
          "checksum": "3b1c4804d9b83ef591574118fca26fe8"
        },
        {
          "type": "image",
          "assetId": "9yk0eeZwQc0u",
          "checksum": "271a36bdb7479ab5a3b03b3f6fa4e997"
        },
        {
          "type": "image",
          "assetId": "X2UQWiJ_Ruqb",
          "checksum": "65dbcc9bfb48ff964d72faee797fdbe8"
        },
        {
          "type": "image",
          "assetId": "u4wp3cPu899B",
          "checksum": "01ecd264ed31e3f466e4a5dd48913ab5"
        },
        {
          "type": "image",
          "assetId": "YtPG8TeO5Kvv",
          "checksum": "ffc97f5e81d4bfc5b680ca8d17704244"
        },
        {
          "type": "image",
          "assetId": "fovlswtDdQHu",
          "checksum": "114004e4bca62243f34f90958035be13"
        },
        {
          "type": "image",
          "assetId": "8vN9AL0wx0iE",
          "checksum": "b63d44563bd43aad4967181251f7b4d5"
        },
        {
          "type": "image",
          "assetId": "fLt_RnrvfvYX",
          "checksum": "90e8f3d9aef01e74be39c60d8b87d44b"
        },
        {
          "type": "image",
          "assetId": "eV-6VrN_ZUPX",
          "checksum": "2281bbdad99973af1050c2a807482cc6"
        },
        {
          "type": "image",
          "assetId": "kSI37jHwKENY",
          "checksum": "d6844966d7805f042e0fb1d1b96a3486"
        },
        {
          "type": "image",
          "assetId": "xQrPJmsYuoUz",
          "checksum": "20dc841710f767984bfd5a1b9f1ae72e"
        },
        {
          "type": "image",
          "assetId": "MfG89hKDYiuR",
          "checksum": "a946de0866ed6bdbf34b50a567d4380c"
        },
        {
          "type": "image",
          "assetId": "NvUsZ4p2FP0Z",
          "checksum": "22864160029d5535460d326e25842aec"
        },
        {
          "type": "image",
          "assetId": "SQuswvDuVMJ2",
          "checksum": "932f790d87d81066f4c1dff411124b25"
        },
        {
          "type": "image",
          "assetId": "JkT6LD5-J1qg",
          "checksum": "80131b444188cc0cc58b9210bbb2ee74"
        },
        {
          "type": "image",
          "assetId": "GrYg3A92_htc",
          "checksum": "67f14238b802ca81d883816b0a8948ec"
        },
        {
          "type": "image",
          "assetId": "UlOwEqjhv9k7",
          "checksum": "8d4a80998fb3bb86d4d67f2f19b60d5a"
        },
        {
          "type": "image",
          "assetId": "05NymPt1l3ON",
          "checksum": "53f3ee9b80012222604db865828cdc20"
        },
        {
          "type": "image",
          "assetId": "u8FJ2k8A4Tgy",
          "checksum": "3b5f6008db6d91a84aa1a3abda3d41a4"
        },
        {
          "type": "image",
          "assetId": "4t20aaCvdMVA",
          "checksum": "d36989a56d733648ec15cd3aed2a966f"
        },
        {
          "type": "image",
          "assetId": "-2JsM_63LiCA",
          "checksum": "ae317483bebfa2850f5c02c1e7d14c6a"
        },
        {
          "type": "image",
          "assetId": "XXoaPdwQTagU",
          "checksum": "4896e92352e049e2995f2d3955fe3f76"
        },
        {
          "type": "image",
          "assetId": "RPz2SQC0jCVq",
          "checksum": "0b917a8a2ec166cbf5cf803c93b95812"
        },
        {
          "type": "image",
          "assetId": "p6vYUaFBnl01",
          "checksum": "99d87e840dbccc5e9da79c3520697545"
        },
        {
          "type": "image",
          "assetId": "XOgvonwgtw6c",
          "checksum": "8a92bc0b17ac21ae184a1944a7a2c29e"
        },
        {
          "type": "image",
          "assetId": "ml_9llGjkUci",
          "checksum": "53dd08d48b04dcbb53ff152959a95cc4"
        },
        {
          "type": "image",
          "assetId": "RcvJ6hAys4-h",
          "checksum": "98f91809970f0d1aff9a9b02d62a36ce"
        },
        {
          "type": "image",
          "assetId": "Bbd-x0QP-KFC",
          "checksum": "a0e542b0ad7a92872f63520dcbcb4323"
        },
        {
          "type": "image",
          "assetId": "OBQXjSjg3_e3",
          "checksum": "5f533bfaec847454313a4868765d5631"
        },
        {
          "type": "image",
          "assetId": "pOvvLcSgm7vB",
          "checksum": "88837a592494a42a763ddf705a0db454"
        },
        {
          "type": "image",
          "assetId": "wccJNT7L_8Ra",
          "checksum": "475a9815684f55fb2a694aab6fe8b98d"
        }
      ],
      "codegenVersion": "0.0.1"
    }
  ],
  "cliVersion": "0.1.338"
}
